
Microsoft Visual Studio Solution File, Format Version 12.00
# Visual Studio Version 17
VisualStudioVersion = 17.7.34221.43
MinimumVisualStudioVersion = 10.0.40219.1
Project("{FAE04EC0-301F-11D3-BF4B-00C04F79EFBC}") = "PersonInfo", "PersonInfo.csproj", "{F0E0EE71-C6BC-4C6A-BCEE-A521F7F0AA48}"
EndProject
Global
	GlobalSection(SolutionConfigurationPlatforms) = preSolution
		Debug|Any CPU = Debug|Any CPU
		Release|Any CPU = Release|Any CPU
	EndGlobalSection
	GlobalSection(ProjectConfigurationPlatforms) = postSolution
		{F0E0EE71-C6BC-4C6A-BCEE-A521F7F0AA48}.Debug|Any CPU.ActiveCfg = Debug|Any CPU
		{F0E0EE71-C6BC-4C6A-BCEE-A521F7F0AA48}.Debug|Any CPU.Build.0 = Debug|Any CPU
		{F0E0EE71-C6BC-4C6A-BCEE-A521F7F0AA48}.Release|Any CPU.ActiveCfg = Release|Any CPU
		{F0E0EE71-C6BC-4C6A-BCEE-A521F7F0AA48}.Release|Any CPU.Build.0 = Release|Any CPU
	EndGlobalSection
	GlobalSection(SolutionProperties) = preSolution
		HideSolutionNode = FALSE
	EndGlobalSection
	GlobalSection(ExtensibilityGlobals) = postSolution
		SolutionGuid = {2E4C957A-4035-400A-AFB3-6EE6A50D729A}
	EndGlobalSection
EndGlobal
